// !$*UTF8*$!
{
	archiveVersion = 1;
	classes = {
	};
	objectVersion = 46;
	objects = {

/* Begin PBXBuildFile section */
		072BD7C71E91850C007F96F6 /* MenuViewController.swift in Sources */ = {isa = PBXBuildFile; fileRef = 072BD7C61E91850C007F96F6 /* MenuViewController.swift */; };
		073CB83A1E96896F00AC212F /* UIColor+HexColor.swift in Sources */ = {isa = PBXBuildFile; fileRef = 073CB8391E96896F00AC212F /* UIColor+HexColor.swift */; };
		0755B4521E1C21C7004FAC1A /* AppDelegate.swift in Sources */ = {isa = PBXBuildFile; fileRef = 0755B4511E1C21C7004FAC1A /* AppDelegate.swift */; };
		0755B4541E1C21C7004FAC1A /* GameViewController.swift in Sources */ = {isa = PBXBuildFile; fileRef = 0755B4531E1C21C7004FAC1A /* GameViewController.swift */; };
		0755B4571E1C21C7004FAC1A /* Main.storyboard in Resources */ = {isa = PBXBuildFile; fileRef = 0755B4551E1C21C7004FAC1A /* Main.storyboard */; };
		0755B4591E1C21C7004FAC1A /* Assets.xcassets in Resources */ = {isa = PBXBuildFile; fileRef = 0755B4581E1C21C7004FAC1A /* Assets.xcassets */; };
		0755B45C1E1C21C7004FAC1A /* LaunchScreen.storyboard in Resources */ = {isa = PBXBuildFile; fileRef = 0755B45A1E1C21C7004FAC1A /* LaunchScreen.storyboard */; };
		0755B4671E1C21C7004FAC1A /* SudokuTests.swift in Sources */ = {isa = PBXBuildFile; fileRef = 0755B4661E1C21C7004FAC1A /* SudokuTests.swift */; };
		0762908A1E1CFAEF00FE2337 /* Sudoku.swift in Sources */ = {isa = PBXBuildFile; fileRef = 076290891E1CFAEF00FE2337 /* Sudoku.swift */; };
		07A891C21E97C1360001A316 /* Cell.swift in Sources */ = {isa = PBXBuildFile; fileRef = 07A891C11E97C1360001A316 /* Cell.swift */; };
		07D1D68A1E1C3178008C3979 /* SudokuGrid.swift in Sources */ = {isa = PBXBuildFile; fileRef = 07D1D6891E1C3178008C3979 /* SudokuGrid.swift */; };
/* End PBXBuildFile section */

/* Begin PBXContainerItemProxy section */
		0755B4631E1C21C7004FAC1A /* PBXContainerItemProxy */ = {
			isa = PBXContainerItemProxy;
			containerPortal = 0755B4461E1C21C7004FAC1A /* Project object */;
			proxyType = 1;
			remoteGlobalIDString = 0755B44D1E1C21C7004FAC1A;
			remoteInfo = Sudoku;
		};
/* End PBXContainerItemProxy section */

/* Begin PBXFileReference section */
		072BD7C61E91850C007F96F6 /* MenuViewController.swift */ = {isa = PBXFileReference; fileEncoding = 4; lastKnownFileType = sourcecode.swift; path = MenuViewController.swift; sourceTree = "<group>"; };
		073CB8391E96896F00AC212F /* UIColor+HexColor.swift */ = {isa = PBXFileReference; fileEncoding = 4; lastKnownFileType = sourcecode.swift; path = "UIColor+HexColor.swift"; sourceTree = "<group>"; };
		0755B44E1E1C21C7004FAC1A /* Sudoku.app */ = {isa = PBXFileReference; explicitFileType = wrapper.application; includeInIndex = 0; path = Sudoku.app; sourceTree = BUILT_PRODUCTS_DIR; };
		0755B4511E1C21C7004FAC1A /* AppDelegate.swift */ = {isa = PBXFileReference; lastKnownFileType = sourcecode.swift; path = AppDelegate.swift; sourceTree = "<group>"; };
		0755B4531E1C21C7004FAC1A /* GameViewController.swift */ = {isa = PBXFileReference; lastKnownFileType = sourcecode.swift; path = GameViewController.swift; sourceTree = "<group>"; };
		0755B4561E1C21C7004FAC1A /* Base */ = {isa = PBXFileReference; lastKnownFileType = file.storyboard; name = Base; path = Base.lproj/Main.storyboard; sourceTree = "<group>"; };
		0755B4581E1C21C7004FAC1A /* Assets.xcassets */ = {isa = PBXFileReference; lastKnownFileType = folder.assetcatalog; path = Assets.xcassets; sourceTree = "<group>"; };
		0755B45B1E1C21C7004FAC1A /* Base */ = {isa = PBXFileReference; lastKnownFileType = file.storyboard; name = Base; path = Base.lproj/LaunchScreen.storyboard; sourceTree = "<group>"; };
		0755B45D1E1C21C7004FAC1A /* Info.plist */ = {isa = PBXFileReference; lastKnownFileType = text.plist.xml; path = Info.plist; sourceTree = "<group>"; };
		0755B4621E1C21C7004FAC1A /* SudokuTests.xctest */ = {isa = PBXFileReference; explicitFileType = wrapper.cfbundle; includeInIndex = 0; path = SudokuTests.xctest; sourceTree = BUILT_PRODUCTS_DIR; };
		0755B4661E1C21C7004FAC1A /* SudokuTests.swift */ = {isa = PBXFileReference; lastKnownFileType = sourcecode.swift; path = SudokuTests.swift; sourceTree = "<group>"; };
		0755B4681E1C21C7004FAC1A /* Info.plist */ = {isa = PBXFileReference; lastKnownFileType = text.plist.xml; path = Info.plist; sourceTree = "<group>"; };
		076290891E1CFAEF00FE2337 /* Sudoku.swift */ = {isa = PBXFileReference; fileEncoding = 4; lastKnownFileType = sourcecode.swift; path = Sudoku.swift; sourceTree = "<group>"; };
		07A891C11E97C1360001A316 /* Cell.swift */ = {isa = PBXFileReference; fileEncoding = 4; lastKnownFileType = sourcecode.swift; path = Cell.swift; sourceTree = "<group>"; };
		07D1D6891E1C3178008C3979 /* SudokuGrid.swift */ = {isa = PBXFileReference; fileEncoding = 4; lastKnownFileType = sourcecode.swift; path = SudokuGrid.swift; sourceTree = "<group>"; };
/* End PBXFileReference section */

/* Begin PBXFrameworksBuildPhase section */
		0755B44B1E1C21C7004FAC1A /* Frameworks */ = {
			isa = PBXFrameworksBuildPhase;
			buildActionMask = 2147483647;
			files = (
			);
			runOnlyForDeploymentPostprocessing = 0;
		};
		0755B45F1E1C21C7004FAC1A /* Frameworks */ = {
			isa = PBXFrameworksBuildPhase;
			buildActionMask = 2147483647;
			files = (
			);
			runOnlyForDeploymentPostprocessing = 0;
		};
/* End PBXFrameworksBuildPhase section */

/* Begin PBXGroup section */
		073CB8381E96894500AC212F /* Extensions */ = {
			isa = PBXGroup;
			children = (
				073CB8391E96896F00AC212F /* UIColor+HexColor.swift */,
			);
			name = Extensions;
			sourceTree = "<group>";
		};
		0755B4451E1C21C7004FAC1A = {
			isa = PBXGroup;
			children = (
				0755B4501E1C21C7004FAC1A /* Sudoku */,
				0755B4651E1C21C7004FAC1A /* SudokuTests */,
				0755B44F1E1C21C7004FAC1A /* Products */,
			);
			sourceTree = "<group>";
		};
		0755B44F1E1C21C7004FAC1A /* Products */ = {
			isa = PBXGroup;
			children = (
				0755B44E1E1C21C7004FAC1A /* Sudoku.app */,
				0755B4621E1C21C7004FAC1A /* SudokuTests.xctest */,
			);
			name = Products;
			sourceTree = "<group>";
		};
		0755B4501E1C21C7004FAC1A /* Sudoku */ = {
			isa = PBXGroup;
			children = (
				073CB8381E96894500AC212F /* Extensions */,
				0755B4511E1C21C7004FAC1A /* AppDelegate.swift */,
				07A891C11E97C1360001A316 /* Cell.swift */,
				076290891E1CFAEF00FE2337 /* Sudoku.swift */,
				0755B4531E1C21C7004FAC1A /* GameViewController.swift */,
				0755B4551E1C21C7004FAC1A /* Main.storyboard */,
				072BD7C61E91850C007F96F6 /* MenuViewController.swift */,
				07D1D6891E1C3178008C3979 /* SudokuGrid.swift */,
				0755B4581E1C21C7004FAC1A /* Assets.xcassets */,
				0755B45A1E1C21C7004FAC1A /* LaunchScreen.storyboard */,
				0755B45D1E1C21C7004FAC1A /* Info.plist */,
			);
			path = Sudoku;
			sourceTree = "<group>";
		};
		0755B4651E1C21C7004FAC1A /* SudokuTests */ = {
			isa = PBXGroup;
			children = (
				0755B4661E1C21C7004FAC1A /* SudokuTests.swift */,
				0755B4681E1C21C7004FAC1A /* Info.plist */,
			);
			path = SudokuTests;
			sourceTree = "<group>";
		};
/* End PBXGroup section */

/* Begin PBXNativeTarget section */
		0755B44D1E1C21C7004FAC1A /* Sudoku */ = {
			isa = PBXNativeTarget;
			buildConfigurationList = 0755B46B1E1C21C7004FAC1A /* Build configuration list for PBXNativeTarget "Sudoku" */;
			buildPhases = (
				0755B44A1E1C21C7004FAC1A /* Sources */,
				0755B44B1E1C21C7004FAC1A /* Frameworks */,
				0755B44C1E1C21C7004FAC1A /* Resources */,
			);
			buildRules = (
			);
			dependencies = (
			);
			name = Sudoku;
			productName = Sudoku;
			productReference = 0755B44E1E1C21C7004FAC1A /* Sudoku.app */;
			productType = "com.apple.product-type.application";
		};
		0755B4611E1C21C7004FAC1A /* SudokuTests */ = {
			isa = PBXNativeTarget;
			buildConfigurationList = 0755B46E1E1C21C7004FAC1A /* Build configuration list for PBXNativeTarget "SudokuTests" */;
			buildPhases = (
				0755B45E1E1C21C7004FAC1A /* Sources */,
				0755B45F1E1C21C7004FAC1A /* Frameworks */,
				0755B4601E1C21C7004FAC1A /* Resources */,
			);
			buildRules = (
			);
			dependencies = (
				0755B4641E1C21C7004FAC1A /* PBXTargetDependency */,
			);
			name = SudokuTests;
			productName = SudokuTests;
			productReference = 0755B4621E1C21C7004FAC1A /* SudokuTests.xctest */;
			productType = "com.apple.product-type.bundle.unit-test";
		};
/* End PBXNativeTarget section */

/* Begin PBXProject section */
		0755B4461E1C21C7004FAC1A /* Project object */ = {
			isa = PBXProject;
			attributes = {
				LastSwiftUpdateCheck = 0820;
				LastUpgradeCheck = 0820;
				ORGANIZATIONNAME = "Сергей Буторин";
				TargetAttributes = {
					0755B44D1E1C21C7004FAC1A = {
						CreatedOnToolsVersion = 8.2.1;
						DevelopmentTeam = 3H2J8552ML;
						ProvisioningStyle = Automatic;
					};
					0755B4611E1C21C7004FAC1A = {
						CreatedOnToolsVersion = 8.2.1;
						DevelopmentTeam = 3H2J8552ML;
						ProvisioningStyle = Automatic;
						TestTargetID = 0755B44D1E1C21C7004FAC1A;
					};
				};
			};
			buildConfigurationList = 0755B4491E1C21C7004FAC1A /* Build configuration list for PBXProject "Sudoku" */;
			compatibilityVersion = "Xcode 3.2";
			developmentRegion = English;
			hasScannedForEncodings = 0;
			knownRegions = (
				en,
				Base,
			);
			mainGroup = 0755B4451E1C21C7004FAC1A;
			productRefGroup = 0755B44F1E1C21C7004FAC1A /* Products */;
			projectDirPath = "";
			projectRoot = "";
			targets = (
				0755B44D1E1C21C7004FAC1A /* Sudoku */,
				0755B4611E1C21C7004FAC1A /* SudokuTests */,
			);
		};
/* End PBXProject section */

/* Begin PBXResourcesBuildPhase section */
		0755B44C1E1C21C7004FAC1A /* Resources */ = {
			isa = PBXResourcesBuildPhase;
			buildActionMask = 2147483647;
			files = (
				0755B45C1E1C21C7004FAC1A /* LaunchScreen.storyboard in Resources */,
				0755B4591E1C21C7004FAC1A /* Assets.xcassets in Resources */,
				0755B4571E1C21C7004FAC1A /* Main.storyboard in Resources */,
			);
			runOnlyForDeploymentPostprocessing = 0;
		};
		0755B4601E1C21C7004FAC1A /* Resources */ = {
			isa = PBXResourcesBuildPhase;
			buildActionMask = 2147483647;
			files = (
			);
			runOnlyForDeploymentPostprocessing = 0;
		};
/* End PBXResourcesBuildPhase section */

/* Begin PBXSourcesBuildPhase section */
		0755B44A1E1C21C7004FAC1A /* Sources */ = {
			isa = PBXSourcesBuildPhase;
			buildActionMask = 2147483647;
			files = (
				0755B4541E1C21C7004FAC1A /* GameViewController.swift in Sources */,
				073CB83A1E96896F00AC212F /* UIColor+HexColor.swift in Sources */,
				072BD7C71E91850C007F96F6 /* MenuViewController.swift in Sources */,
				0755B4521E1C21C7004FAC1A /* AppDelegate.swift in Sources */,
				0762908A1E1CFAEF00FE2337 /* Sudoku.swift in Sources */,
				07A891C21E97C1360001A316 /* Cell.swift in Sources */,
				07D1D68A1E1C3178008C3979 /* SudokuGrid.swift in Sources */,
			);
			runOnlyForDeploymentPostprocessing = 0;
		};
		0755B45E1E1C21C7004FAC1A /* Sources */ = {
			isa = PBXSourcesBuildPhase;
			buildActionMask = 2147483647;
			files = (
				0755B4671E1C21C7004FAC1A /* SudokuTests.swift in Sources */,
			);
			runOnlyForDeploymentPostprocessing = 0;
		};
/* End PBXSourcesBuildPhase section */

/* Begin PBXTargetDependency section */
		0755B4641E1C21C7004FAC1A /* PBXTargetDependency */ = {
			isa = PBXTargetDependency;
			target = 0755B44D1E1C21C7004FAC1A /* Sudoku */;
			targetProxy = 0755B4631E1C21C7004FAC1A /* PBXContainerItemProxy */;
		};
/* End PBXTargetDependency section */

/* Begin PBXVariantGroup section */
		0755B4551E1C21C7004FAC1A /* Main.storyboard */ = {
			isa = PBXVariantGroup;
			children = (
				0755B4561E1C21C7004FAC1A /* Base */,
			);
			name = Main.storyboard;
			sourceTree = "<group>";
		};
		0755B45A1E1C21C7004FAC1A /* LaunchScreen.storyboard */ = {
			isa = PBXVariantGroup;
			children = (
				0755B45B1E1C21C7004FAC1A /* Base */,
			);
			name = LaunchScreen.storyboard;
			sourceTree = "<group>";
		};
/* End PBXVariantGroup section */

/* Begin XCBuildConfiguration section */
		0755B4691E1C21C7004FAC1A /* Debug */ = {
			isa = XCBuildConfiguration;
			buildSettings = {
				ALWAYS_SEARCH_USER_PATHS = NO;
				CLANG_ANALYZER_NONNULL = YES;
				CLANG_CXX_LANGUAGE_STANDARD = "gnu++0x";
				CLANG_CXX_LIBRARY = "libc++";
				CLANG_ENABLE_MODULES = YES;
				CLANG_ENABLE_OBJC_ARC = YES;
				CLANG_WARN_BOOL_CONVERSION = YES;
				CLANG_WARN_CONSTANT_CONVERSION = YES;
				CLANG_WARN_DIRECT_OBJC_ISA_USAGE = YES_ERROR;
				CLANG_WARN_DOCUMENTATION_COMMENTS = YES;
				CLANG_WARN_EMPTY_BODY = YES;
				CLANG_WARN_ENUM_CONVERSION = YES;
				CLANG_WARN_INFINITE_RECURSION = YES;
				CLANG_WARN_INT_CONVERSION = YES;
				CLANG_WARN_OBJC_ROOT_CLASS = YES_ERROR;
				CLANG_WARN_SUSPICIOUS_MOVE = YES;
				CLANG_WARN_UNREACHABLE_CODE = YES;
				CLANG_WARN__DUPLICATE_METHOD_MATCH = YES;
				"CODE_SIGN_IDENTITY[sdk=iphoneos*]" = "iPhone Developer";
				COPY_PHASE_STRIP = NO;
				DEBUG_INFORMATION_FORMAT = dwarf;
				ENABLE_STRICT_OBJC_MSGSEND = YES;
				ENABLE_TESTABILITY = YES;
				GCC_C_LANGUAGE_STANDARD = gnu99;
				GCC_DYNAMIC_NO_PIC = NO;
				GCC_NO_COMMON_BLOCKS = YES;
				GCC_OPTIMIZATION_LEVEL = 0;
				GCC_PREPROCESSOR_DEFINITIONS = (
					"DEBUG=1",
					"$(inherited)",
				);
				GCC_WARN_64_TO_32_BIT_CONVERSION = YES;
				GCC_WARN_ABOUT_RETURN_TYPE = YES_ERROR;
				GCC_WARN_UNDECLARED_SELECTOR = YES;
				GCC_WARN_UNINITIALIZED_AUTOS = YES_AGGRESSIVE;
				GCC_WARN_UNUSED_FUNCTION = YES;
				GCC_WARN_UNUSED_VARIABLE = YES;
				IPHONEOS_DEPLOYMENT_TARGET = 10.2;
				MTL_ENABLE_DEBUG_INFO = YES;
				ONLY_ACTIVE_ARCH = YES;
				SDKROOT = iphoneos;
				SWIFT_ACTIVE_COMPILATION_CONDITIONS = DEBUG;
				SWIFT_OPTIMIZATION_LEVEL = "-Onone";
				TARGETED_DEVICE_FAMILY = "1,2";
			};
			name = Debug;
		};
		0755B46A1E1C21C7004FAC1A /* Release */ = {
			isa = XCBuildConfiguration;
			buildSettings = {
				ALWAYS_SEARCH_USER_PATHS = NO;
				CLANG_ANALYZER_NONNULL = YES;
				CLANG_CXX_LANGUAGE_STANDARD = "gnu++0x";
				CLANG_CXX_LIBRARY = "libc++";
				CLANG_ENABLE_MODULES = YES;
				CLANG_ENABLE_OBJC_ARC = YES;
				CLANG_WARN_BOOL_CONVERSION = YES;
				CLANG_WARN_CONSTANT_CONVERSION = YES;
				CLANG_WARN_DIRECT_OBJC_ISA_USAGE = YES_ERROR;
				CLANG_WARN_DOCUMENTATION_COMMENTS = YES;
				CLANG_WARN_EMPTY_BODY = YES;
				CLANG_WARN_ENUM_CONVERSION = YES;
				CLANG_WARN_INFINITE_RECURSION = YES;
				CLANG_WARN_INT_CONVERSION = YES;
				CLANG_WARN_OBJC_ROOT_CLASS = YES_ERROR;
				CLANG_WARN_SUSPICIOUS_MOVE = YES;
				CLANG_WARN_UNREACHABLE_CODE = YES;
				CLANG_WARN__DUPLICATE_METHOD_MATCH = YES;
				"CODE_SIGN_IDENTITY[sdk=iphoneos*]" = "iPhone Developer";
				COPY_PHASE_STRIP = NO;
				DEBUG_INFORMATION_FORMAT = "dwarf-with-dsym";
				ENABLE_NS_ASSERTIONS = NO;
				ENABLE_STRICT_OBJC_MSGSEND = YES;
				GCC_C_LANGUAGE_STANDARD = gnu99;
				GCC_NO_COMMON_BLOCKS = YES;
				GCC_WARN_64_TO_32_BIT_CONVERSION = YES;
				GCC_WARN_ABOUT_RETURN_TYPE = YES_ERROR;
				GCC_WARN_UNDECLARED_SELECTOR = YES;
				GCC_WARN_UNINITIALIZED_AUTOS = YES_AGGRESSIVE;
				GCC_WARN_UNUSED_FUNCTION = YES;
				GCC_WARN_UNUSED_VARIABLE = YES;
				IPHONEOS_DEPLOYMENT_TARGET = 10.2;
				MTL_ENABLE_DEBUG_INFO = NO;
				SDKROOT = iphoneos;
				SWIFT_OPTIMIZATION_LEVEL = "-Owholemodule";
				TARGETED_DEVICE_FAMILY = "1,2";
				VALIDATE_PRODUCT = YES;
			};
			name = Release;
		};
		0755B46C1E1C21C7004FAC1A /* Debug */ = {
			isa = XCBuildConfiguration;
			buildSettings = {
				ASSETCATALOG_COMPILER_APPICON_NAME = AppIcon;
				"CODE_SIGN_IDENTITY[sdk=iphoneos*]" = "iPhone Developer";
				DEVELOPMENT_TEAM = 3H2J8552ML;
				INFOPLIST_FILE = Sudoku/Info.plist;
				LD_RUNPATH_SEARCH_PATHS = "$(inherited) @executable_path/Frameworks";
				PRODUCT_BUNDLE_IDENTIFIER = serbut.Sudoku;
				PRODUCT_NAME = "$(TARGET_NAME)";
				SWIFT_VERSION = 3.0;
			};
			name = Debug;
		};
		0755B46D1E1C21C7004FAC1A /* Release */ = {
			isa = XCBuildConfiguration;
			buildSettings = {
				ASSETCATALOG_COMPILER_APPICON_NAME = AppIcon;
				"CODE_SIGN_IDENTITY[sdk=iphoneos*]" = "iPhone Developer";
				DEVELOPMENT_TEAM = 3H2J8552ML;
				INFOPLIST_FILE = Sudoku/Info.plist;
				LD_RUNPATH_SEARCH_PATHS = "$(inherited) @executable_path/Frameworks";
				PRODUCT_BUNDLE_IDENTIFIER = serbut.Sudoku;
				PRODUCT_NAME = "$(TARGET_NAME)";
				SWIFT_VERSION = 3.0;
			};
			name = Release;
		};
		0755B46F1E1C21C7004FAC1A /* Debug */ = {
			isa = XCBuildConfiguration;
			buildSettings = {
				ALWAYS_EMBED_SWIFT_STANDARD_LIBRARIES = YES;
				BUNDLE_LOADER = "$(TEST_HOST)";
				DEVELOPMENT_TEAM = 3H2J8552ML;
				INFOPLIST_FILE = SudokuTests/Info.plist;
				LD_RUNPATH_SEARCH_PATHS = "$(inherited) @executable_path/Frameworks @loader_path/Frameworks";
				PRODUCT_BUNDLE_IDENTIFIER = serbut.SudokuTests;
				PRODUCT_NAME = "$(TARGET_NAME)";
				SWIFT_VERSION = 3.0;
				TEST_HOST = "$(BUILT_PRODUCTS_DIR)/Sudoku.app/Sudoku";
			};
			name = Debug;
		};
		0755B4701E1C21C7004FAC1A /* Release */ = {
			isa = XCBuildConfiguration;
			buildSettings = {
				ALWAYS_EMBED_SWIFT_STANDARD_LIBRARIES = YES;
				BUNDLE_LOADER = "$(TEST_HOST)";
				DEVELOPMENT_TEAM = 3H2J8552ML;
				INFOPLIST_FILE = SudokuTests/Info.plist;
				LD_RUNPATH_SEARCH_PATHS = "$(inherited) @executable_path/Frameworks @loader_path/Frameworks";
				PRODUCT_BUNDLE_IDENTIFIER = serbut.SudokuTests;
				PRODUCT_NAME = "$(TARGET_NAME)";
				SWIFT_VERSION = 3.0;
				TEST_HOST = "$(BUILT_PRODUCTS_DIR)/Sudoku.app/Sudoku";
			};
			name = Release;
		};
/* End XCBuildConfiguration section */

/* Begin XCConfigurationList section */
		0755B4491E1C21C7004FAC1A /* Build configuration list for PBXProject "Sudoku" */ = {
			isa = XCConfigurationList;
			buildConfigurations = (
				0755B4691E1C21C7004FAC1A /* Debug */,
				0755B46A1E1C21C7004FAC1A /* Release */,
			);
			defaultConfigurationIsVisible = 0;
			defaultConfigurationName = Release;
		};
		0755B46B1E1C21C7004FAC1A /* Build configuration list for PBXNativeTarget "Sudoku" */ = {
			isa = XCConfigurationList;
			buildConfigurations = (
				0755B46C1E1C21C7004FAC1A /* Debug */,
				0755B46D1E1C21C7004FAC1A /* Release */,
			);
			defaultConfigurationIsVisible = 0;
			defaultConfigurationName = Release;
		};
		0755B46E1E1C21C7004FAC1A /* Build configuration list for PBXNativeTarget "SudokuTests" */ = {
			isa = XCConfigurationList;
			buildConfigurations = (
				0755B46F1E1C21C7004FAC1A /* Debug */,
				0755B4701E1C21C7004FAC1A /* Release */,
			);
			defaultConfigurationIsVisible = 0;
			defaultConfigurationName = Release;
		};
/* End XCConfigurationList section */
	};
	rootObject = 0755B4461E1C21C7004FAC1A /* Project object */;
}
